// !$*UTF8*$!
{
	archiveVersion = 1;
	classes = {
	};
	objectVersion = 55;
	objects = {

/* Begin PBXBuildFile section */
		0CD6B8B8B35601978B614A73 /* Pods_OCBCAssignment.framework in Frameworks */ = {isa = PBXBuildFile; fileRef = CD8E769EE154EFA0771A9BF0 /* Pods_OCBCAssignment.framework */; };
		0E886055C58F058660948071 /* Pods_OCBCAssignmentTests.framework in Frameworks */ = {isa = PBXBuildFile; fileRef = 5C2F2331BFCB3DFE848A77D2 /* Pods_OCBCAssignmentTests.framework */; };
		1FDFD15C0CE5414F3702B4F9 /* Pods_OCBCAssignment_OCBCAssignmentUITests.framework in Frameworks */ = {isa = PBXBuildFile; fileRef = 1C79D32D29E4611DE4BDDB2A /* Pods_OCBCAssignment_OCBCAssignmentUITests.framework */; };
		4970E5D2283C9B78007A358C /* TransferView.swift in Sources */ = {isa = PBXBuildFile; fileRef = 4970E5D1283C9B78007A358C /* TransferView.swift */; };
		4970E5D3283C9B78007A358C /* TransferView.swift in Sources */ = {isa = PBXBuildFile; fileRef = 4970E5D1283C9B78007A358C /* TransferView.swift */; };
		4970E5D4283C9B78007A358C /* TransferView.swift in Sources */ = {isa = PBXBuildFile; fileRef = 4970E5D1283C9B78007A358C /* TransferView.swift */; };
		4970E5D6283D1823007A358C /* DashboardRow.swift in Sources */ = {isa = PBXBuildFile; fileRef = 4970E5D5283D1823007A358C /* DashboardRow.swift */; };
		4970E5D7283D1823007A358C /* DashboardRow.swift in Sources */ = {isa = PBXBuildFile; fileRef = 4970E5D5283D1823007A358C /* DashboardRow.swift */; };
		4970E5D8283D1823007A358C /* DashboardRow.swift in Sources */ = {isa = PBXBuildFile; fileRef = 4970E5D5283D1823007A358C /* DashboardRow.swift */; };
		4970E5DC283D9FF8007A358C /* SquareSecureTextField.swift in Sources */ = {isa = PBXBuildFile; fileRef = 4970E5DB283D9FF8007A358C /* SquareSecureTextField.swift */; };
		4970E5DD283D9FF8007A358C /* SquareSecureTextField.swift in Sources */ = {isa = PBXBuildFile; fileRef = 4970E5DB283D9FF8007A358C /* SquareSecureTextField.swift */; };
		4970E5DE283D9FF8007A358C /* SquareSecureTextField.swift in Sources */ = {isa = PBXBuildFile; fileRef = 4970E5DB283D9FF8007A358C /* SquareSecureTextField.swift */; };
		4970E5E1283DA840007A358C /* DropdownSelector.swift in Sources */ = {isa = PBXBuildFile; fileRef = 4970E5E0283DA840007A358C /* DropdownSelector.swift */; };
		4970E5E2283DA840007A358C /* DropdownSelector.swift in Sources */ = {isa = PBXBuildFile; fileRef = 4970E5E0283DA840007A358C /* DropdownSelector.swift */; };
		4970E5E3283DA840007A358C /* DropdownSelector.swift in Sources */ = {isa = PBXBuildFile; fileRef = 4970E5E0283DA840007A358C /* DropdownSelector.swift */; };
		4970E5E5283DA878007A358C /* DropdownData.swift in Sources */ = {isa = PBXBuildFile; fileRef = 4970E5E4283DA878007A358C /* DropdownData.swift */; };
		4970E5E6283DA878007A358C /* DropdownData.swift in Sources */ = {isa = PBXBuildFile; fileRef = 4970E5E4283DA878007A358C /* DropdownData.swift */; };
		4970E5E7283DA878007A358C /* DropdownData.swift in Sources */ = {isa = PBXBuildFile; fileRef = 4970E5E4283DA878007A358C /* DropdownData.swift */; };
		4970E5E9283DA96D007A358C /* DropdownRow.swift in Sources */ = {isa = PBXBuildFile; fileRef = 4970E5E8283DA96D007A358C /* DropdownRow.swift */; };
		4970E5EA283DA96D007A358C /* DropdownRow.swift in Sources */ = {isa = PBXBuildFile; fileRef = 4970E5E8283DA96D007A358C /* DropdownRow.swift */; };
		4970E5EB283DA96D007A358C /* DropdownRow.swift in Sources */ = {isa = PBXBuildFile; fileRef = 4970E5E8283DA96D007A358C /* DropdownRow.swift */; };
		4970E5EE283DAAE7007A358C /* DropdownList.swift in Sources */ = {isa = PBXBuildFile; fileRef = 4970E5ED283DAAE7007A358C /* DropdownList.swift */; };
		4970E5EF283DAAE7007A358C /* DropdownList.swift in Sources */ = {isa = PBXBuildFile; fileRef = 4970E5ED283DAAE7007A358C /* DropdownList.swift */; };
		4970E5F0283DAAE7007A358C /* DropdownList.swift in Sources */ = {isa = PBXBuildFile; fileRef = 4970E5ED283DAAE7007A358C /* DropdownList.swift */; };
		4970E5F2283DBC48007A358C /* SquareDropdown.swift in Sources */ = {isa = PBXBuildFile; fileRef = 4970E5F1283DBC48007A358C /* SquareDropdown.swift */; };
		4970E5F3283DBC48007A358C /* SquareDropdown.swift in Sources */ = {isa = PBXBuildFile; fileRef = 4970E5F1283DBC48007A358C /* SquareDropdown.swift */; };
		4970E5F4283DBC48007A358C /* SquareDropdown.swift in Sources */ = {isa = PBXBuildFile; fileRef = 4970E5F1283DBC48007A358C /* SquareDropdown.swift */; };
		4970E5FA283E009B007A358C /* SquareTextEditor.swift in Sources */ = {isa = PBXBuildFile; fileRef = 4970E5F9283E009B007A358C /* SquareTextEditor.swift */; };
		4970E5FB283E009B007A358C /* SquareTextEditor.swift in Sources */ = {isa = PBXBuildFile; fileRef = 4970E5F9283E009B007A358C /* SquareTextEditor.swift */; };
		4970E5FC283E009B007A358C /* SquareTextEditor.swift in Sources */ = {isa = PBXBuildFile; fileRef = 4970E5F9283E009B007A358C /* SquareTextEditor.swift */; };
		49A8B5C0283C3CCC0004C0A1 /* SquareTextField.swift in Sources */ = {isa = PBXBuildFile; fileRef = 49A8B5BF283C3CCC0004C0A1 /* SquareTextField.swift */; };
		49A8B5C1283C3CCC0004C0A1 /* SquareTextField.swift in Sources */ = {isa = PBXBuildFile; fileRef = 49A8B5BF283C3CCC0004C0A1 /* SquareTextField.swift */; };
		49A8B5C2283C3CCC0004C0A1 /* SquareTextField.swift in Sources */ = {isa = PBXBuildFile; fileRef = 49A8B5BF283C3CCC0004C0A1 /* SquareTextField.swift */; };
		49A8B5C5283C417F0004C0A1 /* LoginView.swift in Sources */ = {isa = PBXBuildFile; fileRef = 49A8B5C4283C417F0004C0A1 /* LoginView.swift */; };
		49A8B5C6283C417F0004C0A1 /* LoginView.swift in Sources */ = {isa = PBXBuildFile; fileRef = 49A8B5C4283C417F0004C0A1 /* LoginView.swift */; };
		49A8B5C7283C417F0004C0A1 /* LoginView.swift in Sources */ = {isa = PBXBuildFile; fileRef = 49A8B5C4283C417F0004C0A1 /* LoginView.swift */; };
		49A8B5D3283C4A560004C0A1 /* RegisterView.swift in Sources */ = {isa = PBXBuildFile; fileRef = 49A8B5D2283C4A560004C0A1 /* RegisterView.swift */; };
		49A8B5D4283C4A560004C0A1 /* RegisterView.swift in Sources */ = {isa = PBXBuildFile; fileRef = 49A8B5D2283C4A560004C0A1 /* RegisterView.swift */; };
		49A8B5D5283C4A560004C0A1 /* RegisterView.swift in Sources */ = {isa = PBXBuildFile; fileRef = 49A8B5D2283C4A560004C0A1 /* RegisterView.swift */; };
		49BF2369283C8BD600AAE27C /* Extension.swift in Sources */ = {isa = PBXBuildFile; fileRef = 49BF2368283C8BD600AAE27C /* Extension.swift */; };
		49BF236A283C8BD600AAE27C /* Extension.swift in Sources */ = {isa = PBXBuildFile; fileRef = 49BF2368283C8BD600AAE27C /* Extension.swift */; };
		49BF236B283C8BD600AAE27C /* Extension.swift in Sources */ = {isa = PBXBuildFile; fileRef = 49BF2368283C8BD600AAE27C /* Extension.swift */; };
		49BF236D283C8D9E00AAE27C /* TransactionResponse.swift in Sources */ = {isa = PBXBuildFile; fileRef = 49BF236C283C8D9E00AAE27C /* TransactionResponse.swift */; };
		49BF236E283C8D9E00AAE27C /* TransactionResponse.swift in Sources */ = {isa = PBXBuildFile; fileRef = 49BF236C283C8D9E00AAE27C /* TransactionResponse.swift */; };
		49BF236F283C8D9E00AAE27C /* TransactionResponse.swift in Sources */ = {isa = PBXBuildFile; fileRef = 49BF236C283C8D9E00AAE27C /* TransactionResponse.swift */; };
		49BF2371283C8EE200AAE27C /* LoginResponse.swift in Sources */ = {isa = PBXBuildFile; fileRef = 49BF2370283C8EE200AAE27C /* LoginResponse.swift */; };
		49BF2372283C8EE200AAE27C /* LoginResponse.swift in Sources */ = {isa = PBXBuildFile; fileRef = 49BF2370283C8EE200AAE27C /* LoginResponse.swift */; };
		49BF2373283C8EE200AAE27C /* LoginResponse.swift in Sources */ = {isa = PBXBuildFile; fileRef = 49BF2370283C8EE200AAE27C /* LoginResponse.swift */; };
		49BF2375283C8FC600AAE27C /* BalanceResponse.swift in Sources */ = {isa = PBXBuildFile; fileRef = 49BF2374283C8FC600AAE27C /* BalanceResponse.swift */; };
		49BF2376283C8FC600AAE27C /* BalanceResponse.swift in Sources */ = {isa = PBXBuildFile; fileRef = 49BF2374283C8FC600AAE27C /* BalanceResponse.swift */; };
		49BF2377283C8FC600AAE27C /* BalanceResponse.swift in Sources */ = {isa = PBXBuildFile; fileRef = 49BF2374283C8FC600AAE27C /* BalanceResponse.swift */; };
		49BF2379283C905700AAE27C /* RegisterResponse.swift in Sources */ = {isa = PBXBuildFile; fileRef = 49BF2378283C905700AAE27C /* RegisterResponse.swift */; };
		49BF237A283C905700AAE27C /* RegisterResponse.swift in Sources */ = {isa = PBXBuildFile; fileRef = 49BF2378283C905700AAE27C /* RegisterResponse.swift */; };
		49BF237B283C905700AAE27C /* RegisterResponse.swift in Sources */ = {isa = PBXBuildFile; fileRef = 49BF2378283C905700AAE27C /* RegisterResponse.swift */; };
		49BF237D283C90BB00AAE27C /* PayeeReponse.swift in Sources */ = {isa = PBXBuildFile; fileRef = 49BF237C283C90BB00AAE27C /* PayeeReponse.swift */; };
		49BF237E283C90BB00AAE27C /* PayeeReponse.swift in Sources */ = {isa = PBXBuildFile; fileRef = 49BF237C283C90BB00AAE27C /* PayeeReponse.swift */; };
		49BF237F283C90BB00AAE27C /* PayeeReponse.swift in Sources */ = {isa = PBXBuildFile; fileRef = 49BF237C283C90BB00AAE27C /* PayeeReponse.swift */; };
		49BF2381283C910600AAE27C /* TransferResponse.swift in Sources */ = {isa = PBXBuildFile; fileRef = 49BF2380283C910500AAE27C /* TransferResponse.swift */; };
		49BF2382283C910600AAE27C /* TransferResponse.swift in Sources */ = {isa = PBXBuildFile; fileRef = 49BF2380283C910500AAE27C /* TransferResponse.swift */; };
		49BF2383283C910600AAE27C /* TransferResponse.swift in Sources */ = {isa = PBXBuildFile; fileRef = 49BF2380283C910500AAE27C /* TransferResponse.swift */; };
		49C35511283C502000B7F62A /* ButtonStyle.swift in Sources */ = {isa = PBXBuildFile; fileRef = 49C35510283C501F00B7F62A /* ButtonStyle.swift */; };
		49C35512283C502000B7F62A /* ButtonStyle.swift in Sources */ = {isa = PBXBuildFile; fileRef = 49C35510283C501F00B7F62A /* ButtonStyle.swift */; };
		49C35513283C502000B7F62A /* ButtonStyle.swift in Sources */ = {isa = PBXBuildFile; fileRef = 49C35510283C501F00B7F62A /* ButtonStyle.swift */; };
		49C35516283C699800B7F62A /* DashboardView.swift in Sources */ = {isa = PBXBuildFile; fileRef = 49C35515283C699800B7F62A /* DashboardView.swift */; };
		49C35517283C699D00B7F62A /* DashboardView.swift in Sources */ = {isa = PBXBuildFile; fileRef = 49C35515283C699800B7F62A /* DashboardView.swift */; };
		49C35518283C699D00B7F62A /* DashboardView.swift in Sources */ = {isa = PBXBuildFile; fileRef = 49C35515283C699800B7F62A /* DashboardView.swift */; };
		49D67DB32839D91B00EBE443 /* OCBCAssignmentApp.swift in Sources */ = {isa = PBXBuildFile; fileRef = 49D67DB22839D91B00EBE443 /* OCBCAssignmentApp.swift */; };
		49D67DB52839D91B00EBE443 /* ContentView.swift in Sources */ = {isa = PBXBuildFile; fileRef = 49D67DB42839D91B00EBE443 /* ContentView.swift */; };
		49D67DB72839D91D00EBE443 /* Assets.xcassets in Resources */ = {isa = PBXBuildFile; fileRef = 49D67DB62839D91D00EBE443 /* Assets.xcassets */; };
		49D67DBA2839D91D00EBE443 /* Preview Assets.xcassets in Resources */ = {isa = PBXBuildFile; fileRef = 49D67DB92839D91D00EBE443 /* Preview Assets.xcassets */; };
		49D67DC42839D91E00EBE443 /* OCBCAssignmentTests.swift in Sources */ = {isa = PBXBuildFile; fileRef = 49D67DC32839D91E00EBE443 /* OCBCAssignmentTests.swift */; };
		49D67DCE2839D91E00EBE443 /* OCBCAssignmentUITests.swift in Sources */ = {isa = PBXBuildFile; fileRef = 49D67DCD2839D91E00EBE443 /* OCBCAssignmentUITests.swift */; };
		49D67DD02839D91E00EBE443 /* OCBCAssignmentUITestsLaunchTests.swift in Sources */ = {isa = PBXBuildFile; fileRef = 49D67DCF2839D91E00EBE443 /* OCBCAssignmentUITestsLaunchTests.swift */; };
/* End PBXBuildFile section */

/* Begin PBXContainerItemProxy section */
		49D67DC02839D91E00EBE443 /* PBXContainerItemProxy */ = {
			isa = PBXContainerItemProxy;
			containerPortal = 49D67DA72839D91B00EBE443 /* Project object */;
			proxyType = 1;
			remoteGlobalIDString = 49D67DAE2839D91B00EBE443;
			remoteInfo = OCBCAssignment;
		};
		49D67DCA2839D91E00EBE443 /* PBXContainerItemProxy */ = {
			isa = PBXContainerItemProxy;
			containerPortal = 49D67DA72839D91B00EBE443 /* Project object */;
			proxyType = 1;
			remoteGlobalIDString = 49D67DAE2839D91B00EBE443;
			remoteInfo = OCBCAssignment;
		};
/* End PBXContainerItemProxy section */

/* Begin PBXFileReference section */
		13E978E3E837204CD9D1A492 /* Pods-OCBCAssignment.release.xcconfig */ = {isa = PBXFileReference; includeInIndex = 1; lastKnownFileType = text.xcconfig; name = "Pods-OCBCAssignment.release.xcconfig"; path = "Target Support Files/Pods-OCBCAssignment/Pods-OCBCAssignment.release.xcconfig"; sourceTree = "<group>"; };
		174E2382F40923AD4648F5EC /* Pods-OCBCAssignment.debug.xcconfig */ = {isa = PBXFileReference; includeInIndex = 1; lastKnownFileType = text.xcconfig; name = "Pods-OCBCAssignment.debug.xcconfig"; path = "Target Support Files/Pods-OCBCAssignment/Pods-OCBCAssignment.debug.xcconfig"; sourceTree = "<group>"; };
		1C79D32D29E4611DE4BDDB2A /* Pods_OCBCAssignment_OCBCAssignmentUITests.framework */ = {isa = PBXFileReference; explicitFileType = wrapper.framework; includeInIndex = 0; path = Pods_OCBCAssignment_OCBCAssignmentUITests.framework; sourceTree = BUILT_PRODUCTS_DIR; };
		277F01B068047D4FF8888511 /* Pods-OCBCAssignment-OCBCAssignmentUITests.release.xcconfig */ = {isa = PBXFileReference; includeInIndex = 1; lastKnownFileType = text.xcconfig; name = "Pods-OCBCAssignment-OCBCAssignmentUITests.release.xcconfig"; path = "Target Support Files/Pods-OCBCAssignment-OCBCAssignmentUITests/Pods-OCBCAssignment-OCBCAssignmentUITests.release.xcconfig"; sourceTree = "<group>"; };
		4970E5D1283C9B78007A358C /* TransferView.swift */ = {isa = PBXFileReference; lastKnownFileType = sourcecode.swift; path = TransferView.swift; sourceTree = "<group>"; };
		4970E5D5283D1823007A358C /* DashboardRow.swift */ = {isa = PBXFileReference; lastKnownFileType = sourcecode.swift; path = DashboardRow.swift; sourceTree = "<group>"; };
		4970E5DB283D9FF8007A358C /* SquareSecureTextField.swift */ = {isa = PBXFileReference; lastKnownFileType = sourcecode.swift; path = SquareSecureTextField.swift; sourceTree = "<group>"; };
		4970E5E0283DA840007A358C /* DropdownSelector.swift */ = {isa = PBXFileReference; lastKnownFileType = sourcecode.swift; path = DropdownSelector.swift; sourceTree = "<group>"; };
		4970E5E4283DA878007A358C /* DropdownData.swift */ = {isa = PBXFileReference; lastKnownFileType = sourcecode.swift; path = DropdownData.swift; sourceTree = "<group>"; };
		4970E5E8283DA96D007A358C /* DropdownRow.swift */ = {isa = PBXFileReference; lastKnownFileType = sourcecode.swift; path = DropdownRow.swift; sourceTree = "<group>"; };
		4970E5ED283DAAE7007A358C /* DropdownList.swift */ = {isa = PBXFileReference; lastKnownFileType = sourcecode.swift; path = DropdownList.swift; sourceTree = "<group>"; };
		4970E5F1283DBC48007A358C /* SquareDropdown.swift */ = {isa = PBXFileReference; lastKnownFileType = sourcecode.swift; path = SquareDropdown.swift; sourceTree = "<group>"; };
		4970E5F9283E009B007A358C /* SquareTextEditor.swift */ = {isa = PBXFileReference; lastKnownFileType = sourcecode.swift; path = SquareTextEditor.swift; sourceTree = "<group>"; };
		49A8B5BF283C3CCC0004C0A1 /* SquareTextField.swift */ = {isa = PBXFileReference; lastKnownFileType = sourcecode.swift; path = SquareTextField.swift; sourceTree = "<group>"; };
		49A8B5C4283C417F0004C0A1 /* LoginView.swift */ = {isa = PBXFileReference; lastKnownFileType = sourcecode.swift; path = LoginView.swift; sourceTree = "<group>"; };
		49A8B5D2283C4A560004C0A1 /* RegisterView.swift */ = {isa = PBXFileReference; lastKnownFileType = sourcecode.swift; path = RegisterView.swift; sourceTree = "<group>"; };
		49BF2368283C8BD600AAE27C /* Extension.swift */ = {isa = PBXFileReference; lastKnownFileType = sourcecode.swift; path = Extension.swift; sourceTree = "<group>"; };
		49BF236C283C8D9E00AAE27C /* TransactionResponse.swift */ = {isa = PBXFileReference; lastKnownFileType = sourcecode.swift; path = TransactionResponse.swift; sourceTree = "<group>"; };
		49BF2370283C8EE200AAE27C /* LoginResponse.swift */ = {isa = PBXFileReference; lastKnownFileType = sourcecode.swift; path = LoginResponse.swift; sourceTree = "<group>"; };
		49BF2374283C8FC600AAE27C /* BalanceResponse.swift */ = {isa = PBXFileReference; lastKnownFileType = sourcecode.swift; path = BalanceResponse.swift; sourceTree = "<group>"; };
		49BF2378283C905700AAE27C /* RegisterResponse.swift */ = {isa = PBXFileReference; lastKnownFileType = sourcecode.swift; path = RegisterResponse.swift; sourceTree = "<group>"; };
		49BF237C283C90BB00AAE27C /* PayeeReponse.swift */ = {isa = PBXFileReference; lastKnownFileType = sourcecode.swift; path = PayeeReponse.swift; sourceTree = "<group>"; };
		49BF2380283C910500AAE27C /* TransferResponse.swift */ = {isa = PBXFileReference; lastKnownFileType = sourcecode.swift; path = TransferResponse.swift; sourceTree = "<group>"; };
		49C35510283C501F00B7F62A /* ButtonStyle.swift */ = {isa = PBXFileReference; lastKnownFileType = sourcecode.swift; path = ButtonStyle.swift; sourceTree = "<group>"; };
		49C35515283C699800B7F62A /* DashboardView.swift */ = {isa = PBXFileReference; lastKnownFileType = sourcecode.swift; path = DashboardView.swift; sourceTree = "<group>"; };
		49D67DAF2839D91B00EBE443 /* OCBCAssignment.app */ = {isa = PBXFileReference; explicitFileType = wrapper.application; includeInIndex = 0; path = OCBCAssignment.app; sourceTree = BUILT_PRODUCTS_DIR; };
		49D67DB22839D91B00EBE443 /* OCBCAssignmentApp.swift */ = {isa = PBXFileReference; lastKnownFileType = sourcecode.swift; path = OCBCAssignmentApp.swift; sourceTree = "<group>"; };
		49D67DB42839D91B00EBE443 /* ContentView.swift */ = {isa = PBXFileReference; lastKnownFileType = sourcecode.swift; path = ContentView.swift; sourceTree = "<group>"; };
		49D67DB62839D91D00EBE443 /* Assets.xcassets */ = {isa = PBXFileReference; lastKnownFileType = folder.assetcatalog; path = Assets.xcassets; sourceTree = "<group>"; };
		49D67DB92839D91D00EBE443 /* Preview Assets.xcassets */ = {isa = PBXFileReference; lastKnownFileType = folder.assetcatalog; path = "Preview Assets.xcassets"; sourceTree = "<group>"; };
		49D67DBF2839D91E00EBE443 /* OCBCAssignmentTests.xctest */ = {isa = PBXFileReference; explicitFileType = wrapper.cfbundle; includeInIndex = 0; path = OCBCAssignmentTests.xctest; sourceTree = BUILT_PRODUCTS_DIR; };
		49D67DC32839D91E00EBE443 /* OCBCAssignmentTests.swift */ = {isa = PBXFileReference; lastKnownFileType = sourcecode.swift; path = OCBCAssignmentTests.swift; sourceTree = "<group>"; };
		49D67DC92839D91E00EBE443 /* OCBCAssignmentUITests.xctest */ = {isa = PBXFileReference; explicitFileType = wrapper.cfbundle; includeInIndex = 0; path = OCBCAssignmentUITests.xctest; sourceTree = BUILT_PRODUCTS_DIR; };
		49D67DCD2839D91E00EBE443 /* OCBCAssignmentUITests.swift */ = {isa = PBXFileReference; lastKnownFileType = sourcecode.swift; path = OCBCAssignmentUITests.swift; sourceTree = "<group>"; };
		49D67DCF2839D91E00EBE443 /* OCBCAssignmentUITestsLaunchTests.swift */ = {isa = PBXFileReference; lastKnownFileType = sourcecode.swift; path = OCBCAssignmentUITestsLaunchTests.swift; sourceTree = "<group>"; };
		5C2F2331BFCB3DFE848A77D2 /* Pods_OCBCAssignmentTests.framework */ = {isa = PBXFileReference; explicitFileType = wrapper.framework; includeInIndex = 0; path = Pods_OCBCAssignmentTests.framework; sourceTree = BUILT_PRODUCTS_DIR; };
		993DC63360ACF21A02E5C949 /* Pods-OCBCAssignmentTests.release.xcconfig */ = {isa = PBXFileReference; includeInIndex = 1; lastKnownFileType = text.xcconfig; name = "Pods-OCBCAssignmentTests.release.xcconfig"; path = "Target Support Files/Pods-OCBCAssignmentTests/Pods-OCBCAssignmentTests.release.xcconfig"; sourceTree = "<group>"; };
		B620A6720D846CE04E050031 /* Pods-OCBCAssignment-OCBCAssignmentUITests.debug.xcconfig */ = {isa = PBXFileReference; includeInIndex = 1; lastKnownFileType = text.xcconfig; name = "Pods-OCBCAssignment-OCBCAssignmentUITests.debug.xcconfig"; path = "Target Support Files/Pods-OCBCAssignment-OCBCAssignmentUITests/Pods-OCBCAssignment-OCBCAssignmentUITests.debug.xcconfig"; sourceTree = "<group>"; };
		CD8E769EE154EFA0771A9BF0 /* Pods_OCBCAssignment.framework */ = {isa = PBXFileReference; explicitFileType = wrapper.framework; includeInIndex = 0; path = Pods_OCBCAssignment.framework; sourceTree = BUILT_PRODUCTS_DIR; };
		FB6EEED31C38E7321CACD068 /* Pods-OCBCAssignmentTests.debug.xcconfig */ = {isa = PBXFileReference; includeInIndex = 1; lastKnownFileType = text.xcconfig; name = "Pods-OCBCAssignmentTests.debug.xcconfig"; path = "Target Support Files/Pods-OCBCAssignmentTests/Pods-OCBCAssignmentTests.debug.xcconfig"; sourceTree = "<group>"; };
/* End PBXFileReference section */

/* Begin PBXFrameworksBuildPhase section */
		49D67DAC2839D91B00EBE443 /* Frameworks */ = {
			isa = PBXFrameworksBuildPhase;
			buildActionMask = 2147483647;
			files = (
				0CD6B8B8B35601978B614A73 /* Pods_OCBCAssignment.framework in Frameworks */,
			);
			runOnlyForDeploymentPostprocessing = 0;
		};
		49D67DBC2839D91E00EBE443 /* Frameworks */ = {
			isa = PBXFrameworksBuildPhase;
			buildActionMask = 2147483647;
			files = (
				0E886055C58F058660948071 /* Pods_OCBCAssignmentTests.framework in Frameworks */,
			);
			runOnlyForDeploymentPostprocessing = 0;
		};
		49D67DC62839D91E00EBE443 /* Frameworks */ = {
			isa = PBXFrameworksBuildPhase;
			buildActionMask = 2147483647;
			files = (
				1FDFD15C0CE5414F3702B4F9 /* Pods_OCBCAssignment_OCBCAssignmentUITests.framework in Frameworks */,
			);
			runOnlyForDeploymentPostprocessing = 0;
		};
/* End PBXFrameworksBuildPhase section */

/* Begin PBXGroup section */
		4970E5D0283C9B1A007A358C /* Transfer */ = {
			isa = PBXGroup;
			children = (
				4970E5D1283C9B78007A358C /* TransferView.swift */,
			);
			path = Transfer;
			sourceTree = "<group>";
		};
		4970E5DF283DA15D007A358C /* Component */ = {
			isa = PBXGroup;
			children = (
				4970E5EC283DAA98007A358C /* Dropdown */,
				49A8B5BF283C3CCC0004C0A1 /* SquareTextField.swift */,
				4970E5F9283E009B007A358C /* SquareTextEditor.swift */,
				4970E5DB283D9FF8007A358C /* SquareSecureTextField.swift */,
				4970E5F1283DBC48007A358C /* SquareDropdown.swift */,
			);
			path = Component;
			sourceTree = "<group>";
		};
		4970E5EC283DAA98007A358C /* Dropdown */ = {
			isa = PBXGroup;
			children = (
				4970E5E0283DA840007A358C /* DropdownSelector.swift */,
				4970E5ED283DAAE7007A358C /* DropdownList.swift */,
				4970E5E8283DA96D007A358C /* DropdownRow.swift */,
			);
			path = Dropdown;
			sourceTree = "<group>";
		};
		49A8B5BB283C3B730004C0A1 /* Views */ = {
			isa = PBXGroup;
			children = (
				49D67DB42839D91B00EBE443 /* ContentView.swift */,
				4970E5DF283DA15D007A358C /* Component */,
				49A8B5C3283C41510004C0A1 /* Login */,
				49A8B5D1283C4A450004C0A1 /* Register */,
				49C35514283C698600B7F62A /* Dashboard */,
				4970E5D0283C9B1A007A358C /* Transfer */,
			);
			path = Views;
			sourceTree = "<group>";
		};
		49A8B5BC283C3BA10004C0A1 /* Model */ = {
			isa = PBXGroup;
			children = (
				49BF2370283C8EE200AAE27C /* LoginResponse.swift */,
				49BF2378283C905700AAE27C /* RegisterResponse.swift */,
				49BF237C283C90BB00AAE27C /* PayeeReponse.swift */,
				49BF2380283C910500AAE27C /* TransferResponse.swift */,
				49BF2374283C8FC600AAE27C /* BalanceResponse.swift */,
				49BF236C283C8D9E00AAE27C /* TransactionResponse.swift */,
				4970E5E4283DA878007A358C /* DropdownData.swift */,
			);
			path = Model;
			sourceTree = "<group>";
		};
		49A8B5BD283C3BAD0004C0A1 /* Resources */ = {
			isa = PBXGroup;
			children = (
				49D67DB62839D91D00EBE443 /* Assets.xcassets */,
			);
			path = Resources;
			sourceTree = "<group>";
		};
		49A8B5BE283C3C840004C0A1 /* Helpers */ = {
			isa = PBXGroup;
			children = (
				49C35510283C501F00B7F62A /* ButtonStyle.swift */,
				49BF2368283C8BD600AAE27C /* Extension.swift */,
			);
			path = Helpers;
			sourceTree = "<group>";
		};
		49A8B5C3283C41510004C0A1 /* Login */ = {
			isa = PBXGroup;
			children = (
				49A8B5C4283C417F0004C0A1 /* LoginView.swift */,
			);
			path = Login;
			sourceTree = "<group>";
		};
		49A8B5D1283C4A450004C0A1 /* Register */ = {
			isa = PBXGroup;
			children = (
				49A8B5D2283C4A560004C0A1 /* RegisterView.swift */,
			);
			path = Register;
			sourceTree = "<group>";
		};
		49C35514283C698600B7F62A /* Dashboard */ = {
			isa = PBXGroup;
			children = (
				49C35515283C699800B7F62A /* DashboardView.swift */,
				4970E5D5283D1823007A358C /* DashboardRow.swift */,
			);
			path = Dashboard;
			sourceTree = "<group>";
		};
		49D67DA62839D91B00EBE443 = {
			isa = PBXGroup;
			children = (
				49D67DB12839D91B00EBE443 /* OCBCAssignment */,
				49D67DC22839D91E00EBE443 /* OCBCAssignmentTests */,
				49D67DCC2839D91E00EBE443 /* OCBCAssignmentUITests */,
				49D67DB02839D91B00EBE443 /* Products */,
				92EAF2AAA52755392463DDD2 /* Pods */,
				590285F2496415CCA0FE1096 /* Frameworks */,
			);
			sourceTree = "<group>";
		};
		49D67DB02839D91B00EBE443 /* Products */ = {
			isa = PBXGroup;
			children = (
				49D67DAF2839D91B00EBE443 /* OCBCAssignment.app */,
				49D67DBF2839D91E00EBE443 /* OCBCAssignmentTests.xctest */,
				49D67DC92839D91E00EBE443 /* OCBCAssignmentUITests.xctest */,
			);
			name = Products;
			sourceTree = "<group>";
		};
		49D67DB12839D91B00EBE443 /* OCBCAssignment */ = {
			isa = PBXGroup;
			children = (
				49D67DB22839D91B00EBE443 /* OCBCAssignmentApp.swift */,
				49A8B5BE283C3C840004C0A1 /* Helpers */,
				49A8B5BC283C3BA10004C0A1 /* Model */,
				49A8B5BB283C3B730004C0A1 /* Views */,
				49A8B5BD283C3BAD0004C0A1 /* Resources */,
				49D67DB82839D91D00EBE443 /* Preview Content */,
			);
			path = OCBCAssignment;
			sourceTree = "<group>";
		};
		49D67DB82839D91D00EBE443 /* Preview Content */ = {
			isa = PBXGroup;
			children = (
				49D67DB92839D91D00EBE443 /* Preview Assets.xcassets */,
			);
			path = "Preview Content";
			sourceTree = "<group>";
		};
		49D67DC22839D91E00EBE443 /* OCBCAssignmentTests */ = {
			isa = PBXGroup;
			children = (
				49D67DC32839D91E00EBE443 /* OCBCAssignmentTests.swift */,
			);
			path = OCBCAssignmentTests;
			sourceTree = "<group>";
		};
		49D67DCC2839D91E00EBE443 /* OCBCAssignmentUITests */ = {
			isa = PBXGroup;
			children = (
				49D67DCD2839D91E00EBE443 /* OCBCAssignmentUITests.swift */,
				49D67DCF2839D91E00EBE443 /* OCBCAssignmentUITestsLaunchTests.swift */,
			);
			path = OCBCAssignmentUITests;
			sourceTree = "<group>";
		};
		590285F2496415CCA0FE1096 /* Frameworks */ = {
			isa = PBXGroup;
			children = (
				CD8E769EE154EFA0771A9BF0 /* Pods_OCBCAssignment.framework */,
				1C79D32D29E4611DE4BDDB2A /* Pods_OCBCAssignment_OCBCAssignmentUITests.framework */,
				5C2F2331BFCB3DFE848A77D2 /* Pods_OCBCAssignmentTests.framework */,
			);
			name = Frameworks;
			sourceTree = "<group>";
		};
		92EAF2AAA52755392463DDD2 /* Pods */ = {
			isa = PBXGroup;
			children = (
				174E2382F40923AD4648F5EC /* Pods-OCBCAssignment.debug.xcconfig */,
				13E978E3E837204CD9D1A492 /* Pods-OCBCAssignment.release.xcconfig */,
				B620A6720D846CE04E050031 /* Pods-OCBCAssignment-OCBCAssignmentUITests.debug.xcconfig */,
				277F01B068047D4FF8888511 /* Pods-OCBCAssignment-OCBCAssignmentUITests.release.xcconfig */,
				FB6EEED31C38E7321CACD068 /* Pods-OCBCAssignmentTests.debug.xcconfig */,
				993DC63360ACF21A02E5C949 /* Pods-OCBCAssignmentTests.release.xcconfig */,
			);
			name = Pods;
			path = Pods;
			sourceTree = "<group>";
		};
/* End PBXGroup section */

/* Begin PBXNativeTarget section */
		49D67DAE2839D91B00EBE443 /* OCBCAssignment */ = {
			isa = PBXNativeTarget;
			buildConfigurationList = 49D67DD32839D91E00EBE443 /* Build configuration list for PBXNativeTarget "OCBCAssignment" */;
			buildPhases = (
				99F196A13886CECBD84B51EE /* [CP] Check Pods Manifest.lock */,
				49D67DAB2839D91B00EBE443 /* Sources */,
				49D67DAC2839D91B00EBE443 /* Frameworks */,
				49D67DAD2839D91B00EBE443 /* Resources */,
				0CB9230B99553DD2D3E1E122 /* [CP] Embed Pods Frameworks */,
			);
			buildRules = (
			);
			dependencies = (
			);
			name = OCBCAssignment;
			productName = OCBCAssignment;
			productReference = 49D67DAF2839D91B00EBE443 /* OCBCAssignment.app */;
			productType = "com.apple.product-type.application";
		};
		49D67DBE2839D91E00EBE443 /* OCBCAssignmentTests */ = {
			isa = PBXNativeTarget;
			buildConfigurationList = 49D67DD62839D91E00EBE443 /* Build configuration list for PBXNativeTarget "OCBCAssignmentTests" */;
			buildPhases = (
				676C9DB224D5810C14350CBF /* [CP] Check Pods Manifest.lock */,
				49D67DBB2839D91E00EBE443 /* Sources */,
				49D67DBC2839D91E00EBE443 /* Frameworks */,
				49D67DBD2839D91E00EBE443 /* Resources */,
			);
			buildRules = (
			);
			dependencies = (
				49D67DC12839D91E00EBE443 /* PBXTargetDependency */,
			);
			name = OCBCAssignmentTests;
			productName = OCBCAssignmentTests;
			productReference = 49D67DBF2839D91E00EBE443 /* OCBCAssignmentTests.xctest */;
			productType = "com.apple.product-type.bundle.unit-test";
		};
		49D67DC82839D91E00EBE443 /* OCBCAssignmentUITests */ = {
			isa = PBXNativeTarget;
			buildConfigurationList = 49D67DD92839D91E00EBE443 /* Build configuration list for PBXNativeTarget "OCBCAssignmentUITests" */;
			buildPhases = (
				8DA100D00D78F99D1B73C4B2 /* [CP] Check Pods Manifest.lock */,
				49D67DC52839D91E00EBE443 /* Sources */,
				49D67DC62839D91E00EBE443 /* Frameworks */,
				49D67DC72839D91E00EBE443 /* Resources */,
				E93935AAEFAFC833C9CE4138 /* [CP] Embed Pods Frameworks */,
			);
			buildRules = (
			);
			dependencies = (
				49D67DCB2839D91E00EBE443 /* PBXTargetDependency */,
			);
			name = OCBCAssignmentUITests;
			productName = OCBCAssignmentUITests;
			productReference = 49D67DC92839D91E00EBE443 /* OCBCAssignmentUITests.xctest */;
			productType = "com.apple.product-type.bundle.ui-testing";
		};
/* End PBXNativeTarget section */

/* Begin PBXProject section */
		49D67DA72839D91B00EBE443 /* Project object */ = {
			isa = PBXProject;
			attributes = {
				BuildIndependentTargetsInParallel = 1;
				LastSwiftUpdateCheck = 1320;
				LastUpgradeCheck = 1320;
				TargetAttributes = {
					49D67DAE2839D91B00EBE443 = {
						CreatedOnToolsVersion = 13.2.1;
					};
					49D67DBE2839D91E00EBE443 = {
						CreatedOnToolsVersion = 13.2.1;
						TestTargetID = 49D67DAE2839D91B00EBE443;
					};
					49D67DC82839D91E00EBE443 = {
						CreatedOnToolsVersion = 13.2.1;
						TestTargetID = 49D67DAE2839D91B00EBE443;
					};
				};
			};
			buildConfigurationList = 49D67DAA2839D91B00EBE443 /* Build configuration list for PBXProject "OCBCAssignment" */;
			compatibilityVersion = "Xcode 13.0";
			developmentRegion = en;
			hasScannedForEncodings = 0;
			knownRegions = (
				en,
				Base,
			);
			mainGroup = 49D67DA62839D91B00EBE443;
			productRefGroup = 49D67DB02839D91B00EBE443 /* Products */;
			projectDirPath = "";
			projectRoot = "";
			targets = (
				49D67DAE2839D91B00EBE443 /* OCBCAssignment */,
				49D67DBE2839D91E00EBE443 /* OCBCAssignmentTests */,
				49D67DC82839D91E00EBE443 /* OCBCAssignmentUITests */,
			);
		};
/* End PBXProject section */

/* Begin PBXResourcesBuildPhase section */
		49D67DAD2839D91B00EBE443 /* Resources */ = {
			isa = PBXResourcesBuildPhase;
			buildActionMask = 2147483647;
			files = (
				49D67DBA2839D91D00EBE443 /* Preview Assets.xcassets in Resources */,
				49D67DB72839D91D00EBE443 /* Assets.xcassets in Resources */,
			);
			runOnlyForDeploymentPostprocessing = 0;
		};
		49D67DBD2839D91E00EBE443 /* Resources */ = {
			isa = PBXResourcesBuildPhase;
			buildActionMask = 2147483647;
			files = (
			);
			runOnlyForDeploymentPostprocessing = 0;
		};
		49D67DC72839D91E00EBE443 /* Resources */ = {
			isa = PBXResourcesBuildPhase;
			buildActionMask = 2147483647;
			files = (
			);
			runOnlyForDeploymentPostprocessing = 0;
		};
/* End PBXResourcesBuildPhase section */

/* Begin PBXShellScriptBuildPhase section */
		0CB9230B99553DD2D3E1E122 /* [CP] Embed Pods Frameworks */ = {
			isa = PBXShellScriptBuildPhase;
			buildActionMask = 2147483647;
			files = (
			);
			inputFileListPaths = (
				"${PODS_ROOT}/Target Support Files/Pods-OCBCAssignment/Pods-OCBCAssignment-frameworks-${CONFIGURATION}-input-files.xcfilelist",
			);
			name = "[CP] Embed Pods Frameworks";
			outputFileListPaths = (
				"${PODS_ROOT}/Target Support Files/Pods-OCBCAssignment/Pods-OCBCAssignment-frameworks-${CONFIGURATION}-output-files.xcfilelist",
			);
			runOnlyForDeploymentPostprocessing = 0;
			shellPath = /bin/sh;
			shellScript = "\"${PODS_ROOT}/Target Support Files/Pods-OCBCAssignment/Pods-OCBCAssignment-frameworks.sh\"\n";
			showEnvVarsInLog = 0;
		};
		676C9DB224D5810C14350CBF /* [CP] Check Pods Manifest.lock */ = {
			isa = PBXShellScriptBuildPhase;
			buildActionMask = 2147483647;
			files = (
			);
			inputFileListPaths = (
			);
			inputPaths = (
				"${PODS_PODFILE_DIR_PATH}/Podfile.lock",
				"${PODS_ROOT}/Manifest.lock",
			);
			name = "[CP] Check Pods Manifest.lock";
			outputFileListPaths = (
			);
			outputPaths = (
				"$(DERIVED_FILE_DIR)/Pods-OCBCAssignmentTests-checkManifestLockResult.txt",
			);
			runOnlyForDeploymentPostprocessing = 0;
			shellPath = /bin/sh;
			shellScript = "diff \"${PODS_PODFILE_DIR_PATH}/Podfile.lock\" \"${PODS_ROOT}/Manifest.lock\" > /dev/null\nif [ $? != 0 ] ; then\n    # print error to STDERR\n    echo \"error: The sandbox is not in sync with the Podfile.lock. Run 'pod install' or update your CocoaPods installation.\" >&2\n    exit 1\nfi\n# This output is used by Xcode 'outputs' to avoid re-running this script phase.\necho \"SUCCESS\" > \"${SCRIPT_OUTPUT_FILE_0}\"\n";
			showEnvVarsInLog = 0;
		};
		8DA100D00D78F99D1B73C4B2 /* [CP] Check Pods Manifest.lock */ = {
			isa = PBXShellScriptBuildPhase;
			buildActionMask = 2147483647;
			files = (
			);
			inputFileListPaths = (
			);
			inputPaths = (
				"${PODS_PODFILE_DIR_PATH}/Podfile.lock",
				"${PODS_ROOT}/Manifest.lock",
			);
			name = "[CP] Check Pods Manifest.lock";
			outputFileListPaths = (
			);
			outputPaths = (
				"$(DERIVED_FILE_DIR)/Pods-OCBCAssignment-OCBCAssignmentUITests-checkManifestLockResult.txt",
			);
			runOnlyForDeploymentPostprocessing = 0;
			shellPath = /bin/sh;
			shellScript = "diff \"${PODS_PODFILE_DIR_PATH}/Podfile.lock\" \"${PODS_ROOT}/Manifest.lock\" > /dev/null\nif [ $? != 0 ] ; then\n    # print error to STDERR\n    echo \"error: The sandbox is not in sync with the Podfile.lock. Run 'pod install' or update your CocoaPods installation.\" >&2\n    exit 1\nfi\n# This output is used by Xcode 'outputs' to avoid re-running this script phase.\necho \"SUCCESS\" > \"${SCRIPT_OUTPUT_FILE_0}\"\n";
			showEnvVarsInLog = 0;
		};
		99F196A13886CECBD84B51EE /* [CP] Check Pods Manifest.lock */ = {
			isa = PBXShellScriptBuildPhase;
			buildActionMask = 2147483647;
			files = (
			);
			inputFileListPaths = (
			);
			inputPaths = (
				"${PODS_PODFILE_DIR_PATH}/Podfile.lock",
				"${PODS_ROOT}/Manifest.lock",
			);
			name = "[CP] Check Pods Manifest.lock";
			outputFileListPaths = (
			);
			outputPaths = (
				"$(DERIVED_FILE_DIR)/Pods-OCBCAssignment-checkManifestLockResult.txt",
			);
			runOnlyForDeploymentPostprocessing = 0;
			shellPath = /bin/sh;
			shellScript = "diff \"${PODS_PODFILE_DIR_PATH}/Podfile.lock\" \"${PODS_ROOT}/Manifest.lock\" > /dev/null\nif [ $? != 0 ] ; then\n    # print error to STDERR\n    echo \"error: The sandbox is not in sync with the Podfile.lock. Run 'pod install' or update your CocoaPods installation.\" >&2\n    exit 1\nfi\n# This output is used by Xcode 'outputs' to avoid re-running this script phase.\necho \"SUCCESS\" > \"${SCRIPT_OUTPUT_FILE_0}\"\n";
			showEnvVarsInLog = 0;
		};
		E93935AAEFAFC833C9CE4138 /* [CP] Embed Pods Frameworks */ = {
			isa = PBXShellScriptBuildPhase;
			buildActionMask = 2147483647;
			files = (
			);
			inputFileListPaths = (
				"${PODS_ROOT}/Target Support Files/Pods-OCBCAssignment-OCBCAssignmentUITests/Pods-OCBCAssignment-OCBCAssignmentUITests-frameworks-${CONFIGURATION}-input-files.xcfilelist",
			);
			name = "[CP] Embed Pods Frameworks";
			outputFileListPaths = (
				"${PODS_ROOT}/Target Support Files/Pods-OCBCAssignment-OCBCAssignmentUITests/Pods-OCBCAssignment-OCBCAssignmentUITests-frameworks-${CONFIGURATION}-output-files.xcfilelist",
			);
			runOnlyForDeploymentPostprocessing = 0;
			shellPath = /bin/sh;
			shellScript = "\"${PODS_ROOT}/Target Support Files/Pods-OCBCAssignment-OCBCAssignmentUITests/Pods-OCBCAssignment-OCBCAssignmentUITests-frameworks.sh\"\n";
			showEnvVarsInLog = 0;
		};
/* End PBXShellScriptBuildPhase section */

/* Begin PBXSourcesBuildPhase section */
		49D67DAB2839D91B00EBE443 /* Sources */ = {
			isa = PBXSourcesBuildPhase;
			buildActionMask = 2147483647;
			files = (
				49D67DB52839D91B00EBE443 /* ContentView.swift in Sources */,
				4970E5D2283C9B78007A358C /* TransferView.swift in Sources */,
				4970E5DC283D9FF8007A358C /* SquareSecureTextField.swift in Sources */,
				49C35511283C502000B7F62A /* ButtonStyle.swift in Sources */,
				49A8B5C0283C3CCC0004C0A1 /* SquareTextField.swift in Sources */,
				4970E5E5283DA878007A358C /* DropdownData.swift in Sources */,
				49BF2375283C8FC600AAE27C /* BalanceResponse.swift in Sources */,
				49BF236D283C8D9E00AAE27C /* TransactionResponse.swift in Sources */,
				49BF2381283C910600AAE27C /* TransferResponse.swift in Sources */,
				49BF2371283C8EE200AAE27C /* LoginResponse.swift in Sources */,
				4970E5EE283DAAE7007A358C /* DropdownList.swift in Sources */,
				49BF237D283C90BB00AAE27C /* PayeeReponse.swift in Sources */,
				49C35516283C699800B7F62A /* DashboardView.swift in Sources */,
				49A8B5C5283C417F0004C0A1 /* LoginView.swift in Sources */,
				4970E5E9283DA96D007A358C /* DropdownRow.swift in Sources */,
				4970E5FA283E009B007A358C /* SquareTextEditor.swift in Sources */,
				4970E5F2283DBC48007A358C /* SquareDropdown.swift in Sources */,
				49A8B5D3283C4A560004C0A1 /* RegisterView.swift in Sources */,
				49BF2379283C905700AAE27C /* RegisterResponse.swift in Sources */,
				4970E5D6283D1823007A358C /* DashboardRow.swift in Sources */,
				49D67DB32839D91B00EBE443 /* OCBCAssignmentApp.swift in Sources */,
				49BF2369283C8BD600AAE27C /* Extension.swift in Sources */,
				4970E5E1283DA840007A358C /* DropdownSelector.swift in Sources */,
			);
			runOnlyForDeploymentPostprocessing = 0;
		};
		49D67DBB2839D91E00EBE443 /* Sources */ = {
			isa = PBXSourcesBuildPhase;
			buildActionMask = 2147483647;
			files = (
				49A8B5C6283C417F0004C0A1 /* LoginView.swift in Sources */,
				49BF237E283C90BB00AAE27C /* PayeeReponse.swift in Sources */,
				4970E5F3283DBC48007A358C /* SquareDropdown.swift in Sources */,
				4970E5EF283DAAE7007A358C /* DropdownList.swift in Sources */,
				49BF237A283C905700AAE27C /* RegisterResponse.swift in Sources */,
				49BF236E283C8D9E00AAE27C /* TransactionResponse.swift in Sources */,
				4970E5D7283D1823007A358C /* DashboardRow.swift in Sources */,
				49BF2372283C8EE200AAE27C /* LoginResponse.swift in Sources */,
				49C35518283C699D00B7F62A /* DashboardView.swift in Sources */,
				4970E5DD283D9FF8007A358C /* SquareSecureTextField.swift in Sources */,
				49BF236A283C8BD600AAE27C /* Extension.swift in Sources */,
				49BF2376283C8FC600AAE27C /* BalanceResponse.swift in Sources */,
				4970E5EA283DA96D007A358C /* DropdownRow.swift in Sources */,
				4970E5E2283DA840007A358C /* DropdownSelector.swift in Sources */,
				4970E5FB283E009B007A358C /* SquareTextEditor.swift in Sources */,
				49A8B5D4283C4A560004C0A1 /* RegisterView.swift in Sources */,
				49A8B5C1283C3CCC0004C0A1 /* SquareTextField.swift in Sources */,
				49D67DC42839D91E00EBE443 /* OCBCAssignmentTests.swift in Sources */,
				49BF2382283C910600AAE27C /* TransferResponse.swift in Sources */,
				49C35512283C502000B7F62A /* ButtonStyle.swift in Sources */,
				4970E5E6283DA878007A358C /* DropdownData.swift in Sources */,
				4970E5D3283C9B78007A358C /* TransferView.swift in Sources */,
			);
			runOnlyForDeploymentPostprocessing = 0;
		};
		49D67DC52839D91E00EBE443 /* Sources */ = {
			isa = PBXSourcesBuildPhase;
			buildActionMask = 2147483647;
			files = (
				49D67DD02839D91E00EBE443 /* OCBCAssignmentUITestsLaunchTests.swift in Sources */,
				4970E5D4283C9B78007A358C /* TransferView.swift in Sources */,
				4970E5DE283D9FF8007A358C /* SquareSecureTextField.swift in Sources */,
				49C35513283C502000B7F62A /* ButtonStyle.swift in Sources */,
				49A8B5C2283C3CCC0004C0A1 /* SquareTextField.swift in Sources */,
				4970E5E7283DA878007A358C /* DropdownData.swift in Sources */,
				49BF2377283C8FC600AAE27C /* BalanceResponse.swift in Sources */,
				49BF236F283C8D9E00AAE27C /* TransactionResponse.swift in Sources */,
				49BF2383283C910600AAE27C /* TransferResponse.swift in Sources */,
				49BF2373283C8EE200AAE27C /* LoginResponse.swift in Sources */,
				4970E5F0283DAAE7007A358C /* DropdownList.swift in Sources */,
				49BF237F283C90BB00AAE27C /* PayeeReponse.swift in Sources */,
				49C35517283C699D00B7F62A /* DashboardView.swift in Sources */,
				49A8B5C7283C417F0004C0A1 /* LoginView.swift in Sources */,
				4970E5EB283DA96D007A358C /* DropdownRow.swift in Sources */,
				4970E5FC283E009B007A358C /* SquareTextEditor.swift in Sources */,
				4970E5F4283DBC48007A358C /* SquareDropdown.swift in Sources */,
				49A8B5D5283C4A560004C0A1 /* RegisterView.swift in Sources */,
				49BF237B283C905700AAE27C /* RegisterResponse.swift in Sources */,
				4970E5D8283D1823007A358C /* DashboardRow.swift in Sources */,
				49D67DCE2839D91E00EBE443 /* OCBCAssignmentUITests.swift in Sources */,
				49BF236B283C8BD600AAE27C /* Extension.swift in Sources */,
				4970E5E3283DA840007A358C /* DropdownSelector.swift in Sources */,
			);
			runOnlyForDeploymentPostprocessing = 0;
		};
/* End PBXSourcesBuildPhase section */

/* Begin PBXTargetDependency section */
		49D67DC12839D91E00EBE443 /* PBXTargetDependency */ = {
			isa = PBXTargetDependency;
			target = 49D67DAE2839D91B00EBE443 /* OCBCAssignment */;
			targetProxy = 49D67DC02839D91E00EBE443 /* PBXContainerItemProxy */;
		};
		49D67DCB2839D91E00EBE443 /* PBXTargetDependency */ = {
			isa = PBXTargetDependency;
			target = 49D67DAE2839D91B00EBE443 /* OCBCAssignment */;
			targetProxy = 49D67DCA2839D91E00EBE443 /* PBXContainerItemProxy */;
		};
/* End PBXTargetDependency section */

/* Begin XCBuildConfiguration section */
		49D67DD12839D91E00EBE443 /* Debug */ = {
			isa = XCBuildConfiguration;
			buildSettings = {
				ALWAYS_SEARCH_USER_PATHS = NO;
				CLANG_ANALYZER_NONNULL = YES;
				CLANG_ANALYZER_NUMBER_OBJECT_CONVERSION = YES_AGGRESSIVE;
				CLANG_CXX_LANGUAGE_STANDARD = "gnu++17";
				CLANG_CXX_LIBRARY = "libc++";
				CLANG_ENABLE_MODULES = YES;
				CLANG_ENABLE_OBJC_ARC = YES;
				CLANG_ENABLE_OBJC_WEAK = YES;
				CLANG_WARN_BLOCK_CAPTURE_AUTORELEASING = YES;
				CLANG_WARN_BOOL_CONVERSION = YES;
				CLANG_WARN_COMMA = YES;
				CLANG_WARN_CONSTANT_CONVERSION = YES;
				CLANG_WARN_DEPRECATED_OBJC_IMPLEMENTATIONS = YES;
				CLANG_WARN_DIRECT_OBJC_ISA_USAGE = YES_ERROR;
				CLANG_WARN_DOCUMENTATION_COMMENTS = YES;
				CLANG_WARN_EMPTY_BODY = YES;
				CLANG_WARN_ENUM_CONVERSION = YES;
				CLANG_WARN_INFINITE_RECURSION = YES;
				CLANG_WARN_INT_CONVERSION = YES;
				CLANG_WARN_NON_LITERAL_NULL_CONVERSION = YES;
				CLANG_WARN_OBJC_IMPLICIT_RETAIN_SELF = YES;
				CLANG_WARN_OBJC_LITERAL_CONVERSION = YES;
				CLANG_WARN_OBJC_ROOT_CLASS = YES_ERROR;
				CLANG_WARN_QUOTED_INCLUDE_IN_FRAMEWORK_HEADER = YES;
				CLANG_WARN_RANGE_LOOP_ANALYSIS = YES;
				CLANG_WARN_STRICT_PROTOTYPES = YES;
				CLANG_WARN_SUSPICIOUS_MOVE = YES;
				CLANG_WARN_UNGUARDED_AVAILABILITY = YES_AGGRESSIVE;
				CLANG_WARN_UNREACHABLE_CODE = YES;
				CLANG_WARN__DUPLICATE_METHOD_MATCH = YES;
				COPY_PHASE_STRIP = NO;
				DEBUG_INFORMATION_FORMAT = dwarf;
				ENABLE_STRICT_OBJC_MSGSEND = YES;
				ENABLE_TESTABILITY = YES;
				GCC_C_LANGUAGE_STANDARD = gnu11;
				GCC_DYNAMIC_NO_PIC = NO;
				GCC_NO_COMMON_BLOCKS = YES;
				GCC_OPTIMIZATION_LEVEL = 0;
				GCC_PREPROCESSOR_DEFINITIONS = (
					"DEBUG=1",
					"$(inherited)",
				);
				GCC_WARN_64_TO_32_BIT_CONVERSION = YES;
				GCC_WARN_ABOUT_RETURN_TYPE = YES_ERROR;
				GCC_WARN_UNDECLARED_SELECTOR = YES;
				GCC_WARN_UNINITIALIZED_AUTOS = YES_AGGRESSIVE;
				GCC_WARN_UNUSED_FUNCTION = YES;
				GCC_WARN_UNUSED_VARIABLE = YES;
				IPHONEOS_DEPLOYMENT_TARGET = 15.2;
				MTL_ENABLE_DEBUG_INFO = INCLUDE_SOURCE;
				MTL_FAST_MATH = YES;
				ONLY_ACTIVE_ARCH = YES;
				SDKROOT = iphoneos;
				SWIFT_ACTIVE_COMPILATION_CONDITIONS = DEBUG;
				SWIFT_OPTIMIZATION_LEVEL = "-Onone";
			};
			name = Debug;
		};
		49D67DD22839D91E00EBE443 /* Release */ = {
			isa = XCBuildConfiguration;
			buildSettings = {
				ALWAYS_SEARCH_USER_PATHS = NO;
				CLANG_ANALYZER_NONNULL = YES;
				CLANG_ANALYZER_NUMBER_OBJECT_CONVERSION = YES_AGGRESSIVE;
				CLANG_CXX_LANGUAGE_STANDARD = "gnu++17";
				CLANG_CXX_LIBRARY = "libc++";
				CLANG_ENABLE_MODULES = YES;
				CLANG_ENABLE_OBJC_ARC = YES;
				CLANG_ENABLE_OBJC_WEAK = YES;
				CLANG_WARN_BLOCK_CAPTURE_AUTORELEASING = YES;
				CLANG_WARN_BOOL_CONVERSION = YES;
				CLANG_WARN_COMMA = YES;
				CLANG_WARN_CONSTANT_CONVERSION = YES;
				CLANG_WARN_DEPRECATED_OBJC_IMPLEMENTATIONS = YES;
				CLANG_WARN_DIRECT_OBJC_ISA_USAGE = YES_ERROR;
				CLANG_WARN_DOCUMENTATION_COMMENTS = YES;
				CLANG_WARN_EMPTY_BODY = YES;
				CLANG_WARN_ENUM_CONVERSION = YES;
				CLANG_WARN_INFINITE_RECURSION = YES;
				CLANG_WARN_INT_CONVERSION = YES;
				CLANG_WARN_NON_LITERAL_NULL_CONVERSION = YES;
				CLANG_WARN_OBJC_IMPLICIT_RETAIN_SELF = YES;
				CLANG_WARN_OBJC_LITERAL_CONVERSION = YES;
				CLANG_WARN_OBJC_ROOT_CLASS = YES_ERROR;
				CLANG_WARN_QUOTED_INCLUDE_IN_FRAMEWORK_HEADER = YES;
				CLANG_WARN_RANGE_LOOP_ANALYSIS = YES;
				CLANG_WARN_STRICT_PROTOTYPES = YES;
				CLANG_WARN_SUSPICIOUS_MOVE = YES;
				CLANG_WARN_UNGUARDED_AVAILABILITY = YES_AGGRESSIVE;
				CLANG_WARN_UNREACHABLE_CODE = YES;
				CLANG_WARN__DUPLICATE_METHOD_MATCH = YES;
				COPY_PHASE_STRIP = NO;
				DEBUG_INFORMATION_FORMAT = "dwarf-with-dsym";
				ENABLE_NS_ASSERTIONS = NO;
				ENABLE_STRICT_OBJC_MSGSEND = YES;
				GCC_C_LANGUAGE_STANDARD = gnu11;
				GCC_NO_COMMON_BLOCKS = YES;
				GCC_WARN_64_TO_32_BIT_CONVERSION = YES;
				GCC_WARN_ABOUT_RETURN_TYPE = YES_ERROR;
				GCC_WARN_UNDECLARED_SELECTOR = YES;
				GCC_WARN_UNINITIALIZED_AUTOS = YES_AGGRESSIVE;
				GCC_WARN_UNUSED_FUNCTION = YES;
				GCC_WARN_UNUSED_VARIABLE = YES;
				IPHONEOS_DEPLOYMENT_TARGET = 15.2;
				MTL_ENABLE_DEBUG_INFO = NO;
				MTL_FAST_MATH = YES;
				SDKROOT = iphoneos;
				SWIFT_COMPILATION_MODE = wholemodule;
				SWIFT_OPTIMIZATION_LEVEL = "-O";
				VALIDATE_PRODUCT = YES;
			};
			name = Release;
		};
		49D67DD42839D91E00EBE443 /* Debug */ = {
			isa = XCBuildConfiguration;
			baseConfigurationReference = 174E2382F40923AD4648F5EC /* Pods-OCBCAssignment.debug.xcconfig */;
			buildSettings = {
				ASSETCATALOG_COMPILER_APPICON_NAME = AppIcon;
				ASSETCATALOG_COMPILER_GLOBAL_ACCENT_COLOR_NAME = AccentColor;
				CODE_SIGN_STYLE = Automatic;
				CURRENT_PROJECT_VERSION = 1;
				DEVELOPMENT_ASSET_PATHS = "\"OCBCAssignment/Preview Content\"";
				ENABLE_PREVIEWS = YES;
				GENERATE_INFOPLIST_FILE = YES;
				INFOPLIST_KEY_UIApplicationSceneManifest_Generation = YES;
				INFOPLIST_KEY_UIApplicationSupportsIndirectInputEvents = YES;
				INFOPLIST_KEY_UILaunchScreen_Generation = YES;
				INFOPLIST_KEY_UISupportedInterfaceOrientations_iPad = "UIInterfaceOrientationPortrait UIInterfaceOrientationPortraitUpsideDown UIInterfaceOrientationLandscapeLeft UIInterfaceOrientationLandscapeRight";
				INFOPLIST_KEY_UISupportedInterfaceOrientations_iPhone = "UIInterfaceOrientationPortrait UIInterfaceOrientationLandscapeLeft UIInterfaceOrientationLandscapeRight";
				LD_RUNPATH_SEARCH_PATHS = (
					"$(inherited)",
					"@executable_path/Frameworks",
				);
				MARKETING_VERSION = 1.0;
				PRODUCT_BUNDLE_IDENTIFIER = com.ocbc.OCBCAssignment;
				PRODUCT_NAME = "$(TARGET_NAME)";
				SWIFT_EMIT_LOC_STRINGS = YES;
				SWIFT_VERSION = 5.0;
				TARGETED_DEVICE_FAMILY = "1,2";
			};
			name = Debug;
		};
		49D67DD52839D91E00EBE443 /* Release */ = {
			isa = XCBuildConfiguration;
			baseConfigurationReference = 13E978E3E837204CD9D1A492 /* Pods-OCBCAssignment.release.xcconfig */;
			buildSettings = {
				ASSETCATALOG_COMPILER_APPICON_NAME = AppIcon;
				ASSETCATALOG_COMPILER_GLOBAL_ACCENT_COLOR_NAME = AccentColor;
				CODE_SIGN_STYLE = Automatic;
				CURRENT_PROJECT_VERSION = 1;
				DEVELOPMENT_ASSET_PATHS = "\"OCBCAssignment/Preview Content\"";
				ENABLE_PREVIEWS = YES;
				GENERATE_INFOPLIST_FILE = YES;
				INFOPLIST_KEY_UIApplicationSceneManifest_Generation = YES;
				INFOPLIST_KEY_UIApplicationSupportsIndirectInputEvents = YES;
				INFOPLIST_KEY_UILaunchScreen_Generation = YES;
				INFOPLIST_KEY_UISupportedInterfaceOrientations_iPad = "UIInterfaceOrientationPortrait UIInterfaceOrientationPortraitUpsideDown UIInterfaceOrientationLandscapeLeft UIInterfaceOrientationLandscapeRight";
				INFOPLIST_KEY_UISupportedInterfaceOrientations_iPhone = "UIInterfaceOrientationPortrait UIInterfaceOrientationLandscapeLeft UIInterfaceOrientationLandscapeRight";
				LD_RUNPATH_SEARCH_PATHS = (
					"$(inherited)",
					"@executable_path/Frameworks",
				);
				MARKETING_VERSION = 1.0;
				PRODUCT_BUNDLE_IDENTIFIER = com.ocbc.OCBCAssignment;
				PRODUCT_NAME = "$(TARGET_NAME)";
				SWIFT_EMIT_LOC_STRINGS = YES;
				SWIFT_VERSION = 5.0;
				TARGETED_DEVICE_FAMILY = "1,2";
			};
			name = Release;
		};
		49D67DD72839D91E00EBE443 /* Debug */ = {
			isa = XCBuildConfiguration;
			baseConfigurationReference = FB6EEED31C38E7321CACD068 /* Pods-OCBCAssignmentTests.debug.xcconfig */;
			buildSettings = {
				ALWAYS_EMBED_SWIFT_STANDARD_LIBRARIES = YES;
				BUNDLE_LOADER = "$(TEST_HOST)";
				CODE_SIGN_STYLE = Automatic;
				CURRENT_PROJECT_VERSION = 1;
				GENERATE_INFOPLIST_FILE = YES;
				IPHONEOS_DEPLOYMENT_TARGET = 15.2;
				MARKETING_VERSION = 1.0;
				PRODUCT_BUNDLE_IDENTIFIER = com.ocbc.OCBCAssignmentTests;
				PRODUCT_NAME = "$(TARGET_NAME)";
				SWIFT_EMIT_LOC_STRINGS = NO;
				SWIFT_VERSION = 5.0;
				TARGETED_DEVICE_FAMILY = "1,2";
				TEST_HOST = "$(BUILT_PRODUCTS_DIR)/OCBCAssignment.app/OCBCAssignment";
			};
			name = Debug;
		};
		49D67DD82839D91E00EBE443 /* Release */ = {
			isa = XCBuildConfiguration;
			baseConfigurationReference = 993DC63360ACF21A02E5C949 /* Pods-OCBCAssignmentTests.release.xcconfig */;
			buildSettings = {
				ALWAYS_EMBED_SWIFT_STANDARD_LIBRARIES = YES;
				BUNDLE_LOADER = "$(TEST_HOST)";
				CODE_SIGN_STYLE = Automatic;
				CURRENT_PROJECT_VERSION = 1;
				GENERATE_INFOPLIST_FILE = YES;
				IPHONEOS_DEPLOYMENT_TARGET = 15.2;
				MARKETING_VERSION = 1.0;
				PRODUCT_BUNDLE_IDENTIFIER = com.ocbc.OCBCAssignmentTests;
				PRODUCT_NAME = "$(TARGET_NAME)";
				SWIFT_EMIT_LOC_STRINGS = NO;
				SWIFT_VERSION = 5.0;
				TARGETED_DEVICE_FAMILY = "1,2";
				TEST_HOST = "$(BUILT_PRODUCTS_DIR)/OCBCAssignment.app/OCBCAssignment";
			};
			name = Release;
		};
		49D67DDA2839D91E00EBE443 /* Debug */ = {
			isa = XCBuildConfiguration;
			baseConfigurationReference = B620A6720D846CE04E050031 /* Pods-OCBCAssignment-OCBCAssignmentUITests.debug.xcconfig */;
			buildSettings = {
				ALWAYS_EMBED_SWIFT_STANDARD_LIBRARIES = YES;
				CODE_SIGN_STYLE = Automatic;
				CURRENT_PROJECT_VERSION = 1;
				GENERATE_INFOPLIST_FILE = YES;
				MARKETING_VERSION = 1.0;
				PRODUCT_BUNDLE_IDENTIFIER = com.ocbc.OCBCAssignmentUITests;
				PRODUCT_NAME = "$(TARGET_NAME)";
				SWIFT_EMIT_LOC_STRINGS = NO;
				SWIFT_VERSION = 5.0;
				TARGETED_DEVICE_FAMILY = "1,2";
				TEST_TARGET_NAME = OCBCAssignment;
			};
			name = Debug;
		};
		49D67DDB2839D91E00EBE443 /* Release */ = {
			isa = XCBuildConfiguration;
			baseConfigurationReference = 277F01B068047D4FF8888511 /* Pods-OCBCAssignment-OCBCAssignmentUITests.release.xcconfig */;
			buildSettings = {
				ALWAYS_EMBED_SWIFT_STANDARD_LIBRARIES = YES;
				CODE_SIGN_STYLE = Automatic;
				CURRENT_PROJECT_VERSION = 1;
				GENERATE_INFOPLIST_FILE = YES;
				MARKETING_VERSION = 1.0;
				PRODUCT_BUNDLE_IDENTIFIER = com.ocbc.OCBCAssignmentUITests;
				PRODUCT_NAME = "$(TARGET_NAME)";
				SWIFT_EMIT_LOC_STRINGS = NO;
				SWIFT_VERSION = 5.0;
				TARGETED_DEVICE_FAMILY = "1,2";
				TEST_TARGET_NAME = OCBCAssignment;
			};
			name = Release;
		};
/* End XCBuildConfiguration section */

/* Begin XCConfigurationList section */
		49D67DAA2839D91B00EBE443 /* Build configuration list for PBXProject "OCBCAssignment" */ = {
			isa = XCConfigurationList;
			buildConfigurations = (
				49D67DD12839D91E00EBE443 /* Debug */,
				49D67DD22839D91E00EBE443 /* Release */,
			);
			defaultConfigurationIsVisible = 0;
			defaultConfigurationName = Release;
		};
		49D67DD32839D91E00EBE443 /* Build configuration list for PBXNativeTarget "OCBCAssignment" */ = {
			isa = XCConfigurationList;
			buildConfigurations = (
				49D67DD42839D91E00EBE443 /* Debug */,
				49D67DD52839D91E00EBE443 /* Release */,
			);
			defaultConfigurationIsVisible = 0;
			defaultConfigurationName = Release;
		};
		49D67DD62839D91E00EBE443 /* Build configuration list for PBXNativeTarget "OCBCAssignmentTests" */ = {
			isa = XCConfigurationList;
			buildConfigurations = (
				49D67DD72839D91E00EBE443 /* Debug */,
				49D67DD82839D91E00EBE443 /* Release */,
			);
			defaultConfigurationIsVisible = 0;
			defaultConfigurationName = Release;
		};
		49D67DD92839D91E00EBE443 /* Build configuration list for PBXNativeTarget "OCBCAssignmentUITests" */ = {
			isa = XCConfigurationList;
			buildConfigurations = (
				49D67DDA2839D91E00EBE443 /* Debug */,
				49D67DDB2839D91E00EBE443 /* Release */,
			);
			defaultConfigurationIsVisible = 0;
			defaultConfigurationName = Release;
		};
/* End XCConfigurationList section */
	};
	rootObject = 49D67DA72839D91B00EBE443 /* Project object */;
}
